
Microsoft Visual Studio Solution File, Format Version 12.00
# Visual Studio Version 16
VisualStudioVersion = 16.0.29709.97
MinimumVisualStudioVersion = 10.0.40219.1
Project("{9A19103F-16F7-4668-BE54-9A1E7A4F7556}") = "CarcassTwwo", "CarcassTwwo\CarcassTwwo.csproj", "{650D8A95-0218-41A8-87B0-BE0DE621F399}"
EndProject
Project("{FAE04EC0-301F-11D3-BF4B-00C04F79EFBC}") = "CarcassTwwoTests", "CarcassTwwoTests\CarcassTwwoTests.csproj", "{F48C91DC-7201-479A-B2BB-C14C9EDF145E}"
EndProject
Global
	GlobalSection(SolutionConfigurationPlatforms) = preSolution
		Debug|Any CPU = Debug|Any CPU
		Release|Any CPU = Release|Any CPU
	EndGlobalSection
	GlobalSection(ProjectConfigurationPlatforms) = postSolution
		{650D8A95-0218-41A8-87B0-BE0DE621F399}.Debug|Any CPU.ActiveCfg = Debug|Any CPU
		{650D8A95-0218-41A8-87B0-BE0DE621F399}.Debug|Any CPU.Build.0 = Debug|Any CPU
		{650D8A95-0218-41A8-87B0-BE0DE621F399}.Release|Any CPU.ActiveCfg = Release|Any CPU
		{650D8A95-0218-41A8-87B0-BE0DE621F399}.Release|Any CPU.Build.0 = Release|Any CPU
		{F48C91DC-7201-479A-B2BB-C14C9EDF145E}.Debug|Any CPU.ActiveCfg = Debug|Any CPU
		{F48C91DC-7201-479A-B2BB-C14C9EDF145E}.Debug|Any CPU.Build.0 = Debug|Any CPU
		{F48C91DC-7201-479A-B2BB-C14C9EDF145E}.Release|Any CPU.ActiveCfg = Release|Any CPU
		{F48C91DC-7201-479A-B2BB-C14C9EDF145E}.Release|Any CPU.Build.0 = Release|Any CPU
	EndGlobalSection
	GlobalSection(SolutionProperties) = preSolution
		HideSolutionNode = FALSE
	EndGlobalSection
	GlobalSection(ExtensibilityGlobals) = postSolution
		SolutionGuid = {2ED8420F-E8D8-4766-AC82-82601E3B6EAD}
	EndGlobalSection
EndGlobal
